// !$*UTF8*$!
{
	archiveVersion = 1;
	classes = {
	};
	objectVersion = 48;
	objects = {

/* Begin PBXBuildFile section */
		0D87D58CBCDCCADC895EA802 /* Pods_flix_path.framework in Frameworks */ = {isa = PBXBuildFile; fileRef = DBC954B558081EE90B4FA77A /* Pods_flix_path.framework */; };
		661FE58718D0366A9BDE2B7E /* Pods_flix_pathTests.framework in Frameworks */ = {isa = PBXBuildFile; fileRef = 2F5E522669DA8A66E9503A53 /* Pods_flix_pathTests.framework */; };
		C2E609A7C9A360907F830E76 /* Pods_flix_pathUITests.framework in Frameworks */ = {isa = PBXBuildFile; fileRef = 46BC03E6938A4604DBB4FC34 /* Pods_flix_pathUITests.framework */; };
		CE3C25072007E3750076A2A9 /* MovieCell.swift in Sources */ = {isa = PBXBuildFile; fileRef = CE3C25062007E3740076A2A9 /* MovieCell.swift */; };
		CE64158D2026840B00D514AF /* PosterCell.swift in Sources */ = {isa = PBXBuildFile; fileRef = CE64158C2026840B00D514AF /* PosterCell.swift */; };
		CE64158F2026846400D514AF /* SuperheroViewController.swift in Sources */ = {isa = PBXBuildFile; fileRef = CE64158E2026846400D514AF /* SuperheroViewController.swift */; };
		CE8C182020073EF3002C8FC5 /* AppDelegate.swift in Sources */ = {isa = PBXBuildFile; fileRef = CE8C181F20073EF3002C8FC5 /* AppDelegate.swift */; };
		CE8C182520073EF3002C8FC5 /* Main.storyboard in Resources */ = {isa = PBXBuildFile; fileRef = CE8C182320073EF3002C8FC5 /* Main.storyboard */; };
		CE8C182720073EF3002C8FC5 /* Assets.xcassets in Resources */ = {isa = PBXBuildFile; fileRef = CE8C182620073EF3002C8FC5 /* Assets.xcassets */; };
		CE8C182A20073EF3002C8FC5 /* LaunchScreen.storyboard in Resources */ = {isa = PBXBuildFile; fileRef = CE8C182820073EF3002C8FC5 /* LaunchScreen.storyboard */; };
		CE8C183520073EF3002C8FC5 /* flix_pathTests.swift in Sources */ = {isa = PBXBuildFile; fileRef = CE8C183420073EF3002C8FC5 /* flix_pathTests.swift */; };
		CE8C184020073EF3002C8FC5 /* flix_pathUITests.swift in Sources */ = {isa = PBXBuildFile; fileRef = CE8C183F20073EF3002C8FC5 /* flix_pathUITests.swift */; };
		CE8C184E200750CC002C8FC5 /* NowPlayingViewController.swift in Sources */ = {isa = PBXBuildFile; fileRef = CE8C184D200750CC002C8FC5 /* NowPlayingViewController.swift */; };
		CEA6A616202653EA006E2D8E /* DetailViewController.swift in Sources */ = {isa = PBXBuildFile; fileRef = CEA6A615202653EA006E2D8E /* DetailViewController.swift */; };
/* End PBXBuildFile section */

/* Begin PBXContainerItemProxy section */
		CE8C183120073EF3002C8FC5 /* PBXContainerItemProxy */ = {
			isa = PBXContainerItemProxy;
			containerPortal = CE8C181420073EF3002C8FC5 /* Project object */;
			proxyType = 1;
			remoteGlobalIDString = CE8C181B20073EF3002C8FC5;
			remoteInfo = flix_path;
		};
		CE8C183C20073EF3002C8FC5 /* PBXContainerItemProxy */ = {
			isa = PBXContainerItemProxy;
			containerPortal = CE8C181420073EF3002C8FC5 /* Project object */;
			proxyType = 1;
			remoteGlobalIDString = CE8C181B20073EF3002C8FC5;
			remoteInfo = flix_path;
		};
/* End PBXContainerItemProxy section */

/* Begin PBXFileReference section */
		2CE760524A186476A8DF87F8 /* Pods-flix_pathUITests.debug.xcconfig */ = {isa = PBXFileReference; includeInIndex = 1; lastKnownFileType = text.xcconfig; name = "Pods-flix_pathUITests.debug.xcconfig"; path = "Pods/Target Support Files/Pods-flix_pathUITests/Pods-flix_pathUITests.debug.xcconfig"; sourceTree = "<group>"; };
		2F5E522669DA8A66E9503A53 /* Pods_flix_pathTests.framework */ = {isa = PBXFileReference; explicitFileType = wrapper.framework; includeInIndex = 0; path = Pods_flix_pathTests.framework; sourceTree = BUILT_PRODUCTS_DIR; };
		3C8CEE0D5DF3AFB3A0CE71AD /* Pods-flix_pathUITests.release.xcconfig */ = {isa = PBXFileReference; includeInIndex = 1; lastKnownFileType = text.xcconfig; name = "Pods-flix_pathUITests.release.xcconfig"; path = "Pods/Target Support Files/Pods-flix_pathUITests/Pods-flix_pathUITests.release.xcconfig"; sourceTree = "<group>"; };
		46BC03E6938A4604DBB4FC34 /* Pods_flix_pathUITests.framework */ = {isa = PBXFileReference; explicitFileType = wrapper.framework; includeInIndex = 0; path = Pods_flix_pathUITests.framework; sourceTree = BUILT_PRODUCTS_DIR; };
		4D36404EC35E021CE6CB1320 /* Pods-flix_path.debug.xcconfig */ = {isa = PBXFileReference; includeInIndex = 1; lastKnownFileType = text.xcconfig; name = "Pods-flix_path.debug.xcconfig"; path = "Pods/Target Support Files/Pods-flix_path/Pods-flix_path.debug.xcconfig"; sourceTree = "<group>"; };
		933227C24AC198AA2957D34A /* Pods-flix_pathTests.debug.xcconfig */ = {isa = PBXFileReference; includeInIndex = 1; lastKnownFileType = text.xcconfig; name = "Pods-flix_pathTests.debug.xcconfig"; path = "Pods/Target Support Files/Pods-flix_pathTests/Pods-flix_pathTests.debug.xcconfig"; sourceTree = "<group>"; };
		A45848FAA6C14CC80586388D /* Pods-flix_pathTests.release.xcconfig */ = {isa = PBXFileReference; includeInIndex = 1; lastKnownFileType = text.xcconfig; name = "Pods-flix_pathTests.release.xcconfig"; path = "Pods/Target Support Files/Pods-flix_pathTests/Pods-flix_pathTests.release.xcconfig"; sourceTree = "<group>"; };
		CE3C25062007E3740076A2A9 /* MovieCell.swift */ = {isa = PBXFileReference; lastKnownFileType = sourcecode.swift; path = MovieCell.swift; sourceTree = "<group>"; };
		CE64158C2026840B00D514AF /* PosterCell.swift */ = {isa = PBXFileReference; lastKnownFileType = sourcecode.swift; path = PosterCell.swift; sourceTree = "<group>"; };
		CE64158E2026846400D514AF /* SuperheroViewController.swift */ = {isa = PBXFileReference; lastKnownFileType = sourcecode.swift; path = SuperheroViewController.swift; sourceTree = "<group>"; };
		CE8C181C20073EF3002C8FC5 /* flix_path.app */ = {isa = PBXFileReference; explicitFileType = wrapper.application; includeInIndex = 0; path = flix_path.app; sourceTree = BUILT_PRODUCTS_DIR; };
		CE8C181F20073EF3002C8FC5 /* AppDelegate.swift */ = {isa = PBXFileReference; lastKnownFileType = sourcecode.swift; path = AppDelegate.swift; sourceTree = "<group>"; };
		CE8C182420073EF3002C8FC5 /* Base */ = {isa = PBXFileReference; lastKnownFileType = file.storyboard; name = Base; path = Base.lproj/Main.storyboard; sourceTree = "<group>"; };
		CE8C182620073EF3002C8FC5 /* Assets.xcassets */ = {isa = PBXFileReference; lastKnownFileType = folder.assetcatalog; path = Assets.xcassets; sourceTree = "<group>"; };
		CE8C182920073EF3002C8FC5 /* Base */ = {isa = PBXFileReference; lastKnownFileType = file.storyboard; name = Base; path = Base.lproj/LaunchScreen.storyboard; sourceTree = "<group>"; };
		CE8C182B20073EF3002C8FC5 /* Info.plist */ = {isa = PBXFileReference; lastKnownFileType = text.plist.xml; path = Info.plist; sourceTree = "<group>"; };
		CE8C183020073EF3002C8FC5 /* flix_pathTests.xctest */ = {isa = PBXFileReference; explicitFileType = wrapper.cfbundle; includeInIndex = 0; path = flix_pathTests.xctest; sourceTree = BUILT_PRODUCTS_DIR; };
		CE8C183420073EF3002C8FC5 /* flix_pathTests.swift */ = {isa = PBXFileReference; lastKnownFileType = sourcecode.swift; path = flix_pathTests.swift; sourceTree = "<group>"; };
		CE8C183620073EF3002C8FC5 /* Info.plist */ = {isa = PBXFileReference; lastKnownFileType = text.plist.xml; path = Info.plist; sourceTree = "<group>"; };
		CE8C183B20073EF3002C8FC5 /* flix_pathUITests.xctest */ = {isa = PBXFileReference; explicitFileType = wrapper.cfbundle; includeInIndex = 0; path = flix_pathUITests.xctest; sourceTree = BUILT_PRODUCTS_DIR; };
		CE8C183F20073EF3002C8FC5 /* flix_pathUITests.swift */ = {isa = PBXFileReference; lastKnownFileType = sourcecode.swift; path = flix_pathUITests.swift; sourceTree = "<group>"; };
		CE8C184120073EF3002C8FC5 /* Info.plist */ = {isa = PBXFileReference; lastKnownFileType = text.plist.xml; path = Info.plist; sourceTree = "<group>"; };
		CE8C184D200750CC002C8FC5 /* NowPlayingViewController.swift */ = {isa = PBXFileReference; lastKnownFileType = sourcecode.swift; path = NowPlayingViewController.swift; sourceTree = "<group>"; wrapsLines = 1; };
		CEA6A615202653EA006E2D8E /* DetailViewController.swift */ = {isa = PBXFileReference; lastKnownFileType = sourcecode.swift; path = DetailViewController.swift; sourceTree = "<group>"; };
		DA9469C21C0E96BB4488E51B /* Pods-flix_path.release.xcconfig */ = {isa = PBXFileReference; includeInIndex = 1; lastKnownFileType = text.xcconfig; name = "Pods-flix_path.release.xcconfig"; path = "Pods/Target Support Files/Pods-flix_path/Pods-flix_path.release.xcconfig"; sourceTree = "<group>"; };
		DBC954B558081EE90B4FA77A /* Pods_flix_path.framework */ = {isa = PBXFileReference; explicitFileType = wrapper.framework; includeInIndex = 0; path = Pods_flix_path.framework; sourceTree = BUILT_PRODUCTS_DIR; };
/* End PBXFileReference section */

/* Begin PBXFrameworksBuildPhase section */
		CE8C181920073EF3002C8FC5 /* Frameworks */ = {
			isa = PBXFrameworksBuildPhase;
			buildActionMask = 2147483647;
			files = (
				0D87D58CBCDCCADC895EA802 /* Pods_flix_path.framework in Frameworks */,
			);
			runOnlyForDeploymentPostprocessing = 0;
		};
		CE8C182D20073EF3002C8FC5 /* Frameworks */ = {
			isa = PBXFrameworksBuildPhase;
			buildActionMask = 2147483647;
			files = (
				661FE58718D0366A9BDE2B7E /* Pods_flix_pathTests.framework in Frameworks */,
			);
			runOnlyForDeploymentPostprocessing = 0;
		};
		CE8C183820073EF3002C8FC5 /* Frameworks */ = {
			isa = PBXFrameworksBuildPhase;
			buildActionMask = 2147483647;
			files = (
				C2E609A7C9A360907F830E76 /* Pods_flix_pathUITests.framework in Frameworks */,
			);
			runOnlyForDeploymentPostprocessing = 0;
		};
/* End PBXFrameworksBuildPhase section */

/* Begin PBXGroup section */
		62C195199686D383B439F1A6 /* Pods */ = {
			isa = PBXGroup;
			children = (
				4D36404EC35E021CE6CB1320 /* Pods-flix_path.debug.xcconfig */,
				DA9469C21C0E96BB4488E51B /* Pods-flix_path.release.xcconfig */,
				933227C24AC198AA2957D34A /* Pods-flix_pathTests.debug.xcconfig */,
				A45848FAA6C14CC80586388D /* Pods-flix_pathTests.release.xcconfig */,
				2CE760524A186476A8DF87F8 /* Pods-flix_pathUITests.debug.xcconfig */,
				3C8CEE0D5DF3AFB3A0CE71AD /* Pods-flix_pathUITests.release.xcconfig */,
			);
			name = Pods;
			sourceTree = "<group>";
		};
		C0E4A37511C06906833BD06A /* Frameworks */ = {
			isa = PBXGroup;
			children = (
				DBC954B558081EE90B4FA77A /* Pods_flix_path.framework */,
				2F5E522669DA8A66E9503A53 /* Pods_flix_pathTests.framework */,
				46BC03E6938A4604DBB4FC34 /* Pods_flix_pathUITests.framework */,
			);
			name = Frameworks;
			sourceTree = "<group>";
		};
		CE8C181320073EF3002C8FC5 = {
			isa = PBXGroup;
			children = (
				CE8C181E20073EF3002C8FC5 /* flix_path */,
				CE8C183320073EF3002C8FC5 /* flix_pathTests */,
				CE8C183E20073EF3002C8FC5 /* flix_pathUITests */,
				CE8C181D20073EF3002C8FC5 /* Products */,
				62C195199686D383B439F1A6 /* Pods */,
				C0E4A37511C06906833BD06A /* Frameworks */,
			);
			sourceTree = "<group>";
		};
		CE8C181D20073EF3002C8FC5 /* Products */ = {
			isa = PBXGroup;
			children = (
				CE8C181C20073EF3002C8FC5 /* flix_path.app */,
				CE8C183020073EF3002C8FC5 /* flix_pathTests.xctest */,
				CE8C183B20073EF3002C8FC5 /* flix_pathUITests.xctest */,
			);
			name = Products;
			sourceTree = "<group>";
		};
		CE8C181E20073EF3002C8FC5 /* flix_path */ = {
			isa = PBXGroup;
			children = (
				CEA6A6142026538C006E2D8E /* Views */,
				CEA6A613202652BC006E2D8E /* ViewControllers */,
				CE8C181F20073EF3002C8FC5 /* AppDelegate.swift */,
				CE8C182320073EF3002C8FC5 /* Main.storyboard */,
				CE8C182620073EF3002C8FC5 /* Assets.xcassets */,
				CE8C182820073EF3002C8FC5 /* LaunchScreen.storyboard */,
				CE8C182B20073EF3002C8FC5 /* Info.plist */,
			);
			path = flix_path;
			sourceTree = "<group>";
		};
		CE8C183320073EF3002C8FC5 /* flix_pathTests */ = {
			isa = PBXGroup;
			children = (
				CE8C183420073EF3002C8FC5 /* flix_pathTests.swift */,
				CE8C183620073EF3002C8FC5 /* Info.plist */,
			);
			path = flix_pathTests;
			sourceTree = "<group>";
		};
		CE8C183E20073EF3002C8FC5 /* flix_pathUITests */ = {
			isa = PBXGroup;
			children = (
				CE8C183F20073EF3002C8FC5 /* flix_pathUITests.swift */,
				CE8C184120073EF3002C8FC5 /* Info.plist */,
			);
			path = flix_pathUITests;
			sourceTree = "<group>";
		};
		CEA6A613202652BC006E2D8E /* ViewControllers */ = {
			isa = PBXGroup;
			children = (
				CE8C184D200750CC002C8FC5 /* NowPlayingViewController.swift */,
				CEA6A615202653EA006E2D8E /* DetailViewController.swift */,
				CE64158E2026846400D514AF /* SuperheroViewController.swift */,
			);
			path = ViewControllers;
			sourceTree = "<group>";
		};
		CEA6A6142026538C006E2D8E /* Views */ = {
			isa = PBXGroup;
			children = (
				CE3C25062007E3740076A2A9 /* MovieCell.swift */,
				CE64158C2026840B00D514AF /* PosterCell.swift */,
			);
			path = Views;
			sourceTree = "<group>";
		};
/* End PBXGroup section */

/* Begin PBXNativeTarget section */
		CE8C181B20073EF3002C8FC5 /* flix_path */ = {
			isa = PBXNativeTarget;
			buildConfigurationList = CE8C184420073EF3002C8FC5 /* Build configuration list for PBXNativeTarget "flix_path" */;
			buildPhases = (
				3EC40E152E75516D2C4A9367 /* [CP] Check Pods Manifest.lock */,
				CE8C181820073EF3002C8FC5 /* Sources */,
				CE8C181920073EF3002C8FC5 /* Frameworks */,
				CE8C181A20073EF3002C8FC5 /* Resources */,
				262606D1BCEDB832C5626F3E /* [CP] Embed Pods Frameworks */,
				1BF20BDE027AC4B6BCA2D32E /* [CP] Copy Pods Resources */,
			);
			buildRules = (
			);
			dependencies = (
			);
			name = flix_path;
			productName = flix_path;
			productReference = CE8C181C20073EF3002C8FC5 /* flix_path.app */;
			productType = "com.apple.product-type.application";
		};
		CE8C182F20073EF3002C8FC5 /* flix_pathTests */ = {
			isa = PBXNativeTarget;
			buildConfigurationList = CE8C184720073EF3002C8FC5 /* Build configuration list for PBXNativeTarget "flix_pathTests" */;
			buildPhases = (
				A9C382D84EE99AC5AD0A3A37 /* [CP] Check Pods Manifest.lock */,
				CE8C182C20073EF3002C8FC5 /* Sources */,
				CE8C182D20073EF3002C8FC5 /* Frameworks */,
				CE8C182E20073EF3002C8FC5 /* Resources */,
				756A319CA8CB461933CC7953 /* [CP] Embed Pods Frameworks */,
				416A302A37C57F376D1492DE /* [CP] Copy Pods Resources */,
			);
			buildRules = (
			);
			dependencies = (
				CE8C183220073EF3002C8FC5 /* PBXTargetDependency */,
			);
			name = flix_pathTests;
			productName = flix_pathTests;
			productReference = CE8C183020073EF3002C8FC5 /* flix_pathTests.xctest */;
			productType = "com.apple.product-type.bundle.unit-test";
		};
		CE8C183A20073EF3002C8FC5 /* flix_pathUITests */ = {
			isa = PBXNativeTarget;
			buildConfigurationList = CE8C184A20073EF3002C8FC5 /* Build configuration list for PBXNativeTarget "flix_pathUITests" */;
			buildPhases = (
				235CAD14599E3A9EED9BD35B /* [CP] Check Pods Manifest.lock */,
				CE8C183720073EF3002C8FC5 /* Sources */,
				CE8C183820073EF3002C8FC5 /* Frameworks */,
				CE8C183920073EF3002C8FC5 /* Resources */,
				95C04224F5C6F51C7D8BDE69 /* [CP] Embed Pods Frameworks */,
				86BA881B1C5561E95C2E8136 /* [CP] Copy Pods Resources */,
			);
			buildRules = (
			);
			dependencies = (
				CE8C183D20073EF3002C8FC5 /* PBXTargetDependency */,
			);
			name = flix_pathUITests;
			productName = flix_pathUITests;
			productReference = CE8C183B20073EF3002C8FC5 /* flix_pathUITests.xctest */;
			productType = "com.apple.product-type.bundle.ui-testing";
		};
/* End PBXNativeTarget section */

/* Begin PBXProject section */
		CE8C181420073EF3002C8FC5 /* Project object */ = {
			isa = PBXProject;
			attributes = {
				LastSwiftUpdateCheck = 0920;
				LastUpgradeCheck = 0920;
				ORGANIZATIONNAME = Bhavesh;
				TargetAttributes = {
					CE8C181B20073EF3002C8FC5 = {
						CreatedOnToolsVersion = 9.2;
						ProvisioningStyle = Automatic;
					};
					CE8C182F20073EF3002C8FC5 = {
						CreatedOnToolsVersion = 9.2;
						ProvisioningStyle = Automatic;
						TestTargetID = CE8C181B20073EF3002C8FC5;
					};
					CE8C183A20073EF3002C8FC5 = {
						CreatedOnToolsVersion = 9.2;
						ProvisioningStyle = Automatic;
						TestTargetID = CE8C181B20073EF3002C8FC5;
					};
				};
			};
			buildConfigurationList = CE8C181720073EF3002C8FC5 /* Build configuration list for PBXProject "flix_path" */;
			compatibilityVersion = "Xcode 8.0";
			developmentRegion = en;
			hasScannedForEncodings = 0;
			knownRegions = (
				en,
				Base,
			);
			mainGroup = CE8C181320073EF3002C8FC5;
			productRefGroup = CE8C181D20073EF3002C8FC5 /* Products */;
			projectDirPath = "";
			projectRoot = "";
			targets = (
				CE8C181B20073EF3002C8FC5 /* flix_path */,
				CE8C182F20073EF3002C8FC5 /* flix_pathTests */,
				CE8C183A20073EF3002C8FC5 /* flix_pathUITests */,
			);
		};
/* End PBXProject section */

/* Begin PBXResourcesBuildPhase section */
		CE8C181A20073EF3002C8FC5 /* Resources */ = {
			isa = PBXResourcesBuildPhase;
			buildActionMask = 2147483647;
			files = (
				CE8C182A20073EF3002C8FC5 /* LaunchScreen.storyboard in Resources */,
				CE8C182720073EF3002C8FC5 /* Assets.xcassets in Resources */,
				CE8C182520073EF3002C8FC5 /* Main.storyboard in Resources */,
			);
			runOnlyForDeploymentPostprocessing = 0;
		};
		CE8C182E20073EF3002C8FC5 /* Resources */ = {
			isa = PBXResourcesBuildPhase;
			buildActionMask = 2147483647;
			files = (
			);
			runOnlyForDeploymentPostprocessing = 0;
		};
		CE8C183920073EF3002C8FC5 /* Resources */ = {
			isa = PBXResourcesBuildPhase;
			buildActionMask = 2147483647;
			files = (
			);
			runOnlyForDeploymentPostprocessing = 0;
		};
/* End PBXResourcesBuildPhase section */

/* Begin PBXShellScriptBuildPhase section */
		1BF20BDE027AC4B6BCA2D32E /* [CP] Copy Pods Resources */ = {
			isa = PBXShellScriptBuildPhase;
			buildActionMask = 2147483647;
			files = (
			);
			inputPaths = (
			);
			name = "[CP] Copy Pods Resources";
			outputPaths = (
			);
			runOnlyForDeploymentPostprocessing = 0;
			shellPath = /bin/sh;
			shellScript = "\"${SRCROOT}/Pods/Target Support Files/Pods-flix_path/Pods-flix_path-resources.sh\"\n";
			showEnvVarsInLog = 0;
		};
		235CAD14599E3A9EED9BD35B /* [CP] Check Pods Manifest.lock */ = {
			isa = PBXShellScriptBuildPhase;
			buildActionMask = 2147483647;
			files = (
			);
			inputPaths = (
				"${PODS_PODFILE_DIR_PATH}/Podfile.lock",
				"${PODS_ROOT}/Manifest.lock",
			);
			name = "[CP] Check Pods Manifest.lock";
			outputPaths = (
				"$(DERIVED_FILE_DIR)/Pods-flix_pathUITests-checkManifestLockResult.txt",
			);
			runOnlyForDeploymentPostprocessing = 0;
			shellPath = /bin/sh;
			shellScript = "diff \"${PODS_PODFILE_DIR_PATH}/Podfile.lock\" \"${PODS_ROOT}/Manifest.lock\" > /dev/null\nif [ $? != 0 ] ; then\n    # print error to STDERR\n    echo \"error: The sandbox is not in sync with the Podfile.lock. Run 'pod install' or update your CocoaPods installation.\" >&2\n    exit 1\nfi\n# This output is used by Xcode 'outputs' to avoid re-running this script phase.\necho \"SUCCESS\" > \"${SCRIPT_OUTPUT_FILE_0}\"\n";
			showEnvVarsInLog = 0;
		};
		262606D1BCEDB832C5626F3E /* [CP] Embed Pods Frameworks */ = {
			isa = PBXShellScriptBuildPhase;
			buildActionMask = 2147483647;
			files = (
			);
			inputPaths = (
				"${SRCROOT}/Pods/Target Support Files/Pods-flix_path/Pods-flix_path-frameworks.sh",
				"${BUILT_PRODUCTS_DIR}/Alamofire/Alamofire.framework",
				"${BUILT_PRODUCTS_DIR}/AlamofireImage/AlamofireImage.framework",
			);
			name = "[CP] Embed Pods Frameworks";
			outputPaths = (
				"${TARGET_BUILD_DIR}/${FRAMEWORKS_FOLDER_PATH}/Alamofire.framework",
				"${TARGET_BUILD_DIR}/${FRAMEWORKS_FOLDER_PATH}/AlamofireImage.framework",
			);
			runOnlyForDeploymentPostprocessing = 0;
			shellPath = /bin/sh;
			shellScript = "\"${SRCROOT}/Pods/Target Support Files/Pods-flix_path/Pods-flix_path-frameworks.sh\"\n";
			showEnvVarsInLog = 0;
		};
		3EC40E152E75516D2C4A9367 /* [CP] Check Pods Manifest.lock */ = {
			isa = PBXShellScriptBuildPhase;
			buildActionMask = 2147483647;
			files = (
			);
			inputPaths = (
				"${PODS_PODFILE_DIR_PATH}/Podfile.lock",
				"${PODS_ROOT}/Manifest.lock",
			);
			name = "[CP] Check Pods Manifest.lock";
			outputPaths = (
				"$(DERIVED_FILE_DIR)/Pods-flix_path-checkManifestLockResult.txt",
			);
			runOnlyForDeploymentPostprocessing = 0;
			shellPath = /bin/sh;
			shellScript = "diff \"${PODS_PODFILE_DIR_PATH}/Podfile.lock\" \"${PODS_ROOT}/Manifest.lock\" > /dev/null\nif [ $? != 0 ] ; then\n    # print error to STDERR\n    echo \"error: The sandbox is not in sync with the Podfile.lock. Run 'pod install' or update your CocoaPods installation.\" >&2\n    exit 1\nfi\n# This output is used by Xcode 'outputs' to avoid re-running this script phase.\necho \"SUCCESS\" > \"${SCRIPT_OUTPUT_FILE_0}\"\n";
			showEnvVarsInLog = 0;
		};
		416A302A37C57F376D1492DE /* [CP] Copy Pods Resources */ = {
			isa = PBXShellScriptBuildPhase;
			buildActionMask = 2147483647;
			files = (
			);
			inputPaths = (
			);
			name = "[CP] Copy Pods Resources";
			outputPaths = (
			);
			runOnlyForDeploymentPostprocessing = 0;
			shellPath = /bin/sh;
			shellScript = "\"${SRCROOT}/Pods/Target Support Files/Pods-flix_pathTests/Pods-flix_pathTests-resources.sh\"\n";
			showEnvVarsInLog = 0;
		};
		756A319CA8CB461933CC7953 /* [CP] Embed Pods Frameworks */ = {
			isa = PBXShellScriptBuildPhase;
			buildActionMask = 2147483647;
			files = (
			);
			inputPaths = (
			);
			name = "[CP] Embed Pods Frameworks";
			outputPaths = (
			);
			runOnlyForDeploymentPostprocessing = 0;
			shellPath = /bin/sh;
			shellScript = "\"${SRCROOT}/Pods/Target Support Files/Pods-flix_pathTests/Pods-flix_pathTests-frameworks.sh\"\n";
			showEnvVarsInLog = 0;
		};
		86BA881B1C5561E95C2E8136 /* [CP] Copy Pods Resources */ = {
			isa = PBXShellScriptBuildPhase;
			buildActionMask = 2147483647;
			files = (
			);
			inputPaths = (
			);
			name = "[CP] Copy Pods Resources";
			outputPaths = (
			);
			runOnlyForDeploymentPostprocessing = 0;
			shellPath = /bin/sh;
			shellScript = "\"${SRCROOT}/Pods/Target Support Files/Pods-flix_pathUITests/Pods-flix_pathUITests-resources.sh\"\n";
			showEnvVarsInLog = 0;
		};
		95C04224F5C6F51C7D8BDE69 /* [CP] Embed Pods Frameworks */ = {
			isa = PBXShellScriptBuildPhase;
			buildActionMask = 2147483647;
			files = (
			);
			inputPaths = (
			);
			name = "[CP] Embed Pods Frameworks";
			outputPaths = (
			);
			runOnlyForDeploymentPostprocessing = 0;
			shellPath = /bin/sh;
			shellScript = "\"${SRCROOT}/Pods/Target Support Files/Pods-flix_pathUITests/Pods-flix_pathUITests-frameworks.sh\"\n";
			showEnvVarsInLog = 0;
		};
		A9C382D84EE99AC5AD0A3A37 /* [CP] Check Pods Manifest.lock */ = {
			isa = PBXShellScriptBuildPhase;
			buildActionMask = 2147483647;
			files = (
			);
			inputPaths = (
				"${PODS_PODFILE_DIR_PATH}/Podfile.lock",
				"${PODS_ROOT}/Manifest.lock",
			);
			name = "[CP] Check Pods Manifest.lock";
			outputPaths = (
				"$(DERIVED_FILE_DIR)/Pods-flix_pathTests-checkManifestLockResult.txt",
			);
			runOnlyForDeploymentPostprocessing = 0;
			shellPath = /bin/sh;
			shellScript = "diff \"${PODS_PODFILE_DIR_PATH}/Podfile.lock\" \"${PODS_ROOT}/Manifest.lock\" > /dev/null\nif [ $? != 0 ] ; then\n    # print error to STDERR\n    echo \"error: The sandbox is not in sync with the Podfile.lock. Run 'pod install' or update your CocoaPods installation.\" >&2\n    exit 1\nfi\n# This output is used by Xcode 'outputs' to avoid re-running this script phase.\necho \"SUCCESS\" > \"${SCRIPT_OUTPUT_FILE_0}\"\n";
			showEnvVarsInLog = 0;
		};
/* End PBXShellScriptBuildPhase section */

/* Begin PBXSourcesBuildPhase section */
		CE8C181820073EF3002C8FC5 /* Sources */ = {
			isa = PBXSourcesBuildPhase;
			buildActionMask = 2147483647;
			files = (
				CE8C184E200750CC002C8FC5 /* NowPlayingViewController.swift in Sources */,
				CE64158D2026840B00D514AF /* PosterCell.swift in Sources */,
				CE64158F2026846400D514AF /* SuperheroViewController.swift in Sources */,
				CE8C182020073EF3002C8FC5 /* AppDelegate.swift in Sources */,
				CE3C25072007E3750076A2A9 /* MovieCell.swift in Sources */,
				CEA6A616202653EA006E2D8E /* DetailViewController.swift in Sources */,
			);
			runOnlyForDeploymentPostprocessing = 0;
		};
		CE8C182C20073EF3002C8FC5 /* Sources */ = {
			isa = PBXSourcesBuildPhase;
			buildActionMask = 2147483647;
			files = (
				CE8C183520073EF3002C8FC5 /* flix_pathTests.swift in Sources */,
			);
			runOnlyForDeploymentPostprocessing = 0;
		};
		CE8C183720073EF3002C8FC5 /* Sources */ = {
			isa = PBXSourcesBuildPhase;
			buildActionMask = 2147483647;
			files = (
				CE8C184020073EF3002C8FC5 /* flix_pathUITests.swift in Sources */,
			);
			runOnlyForDeploymentPostprocessing = 0;
		};
/* End PBXSourcesBuildPhase section */

/* Begin PBXTargetDependency section */
		CE8C183220073EF3002C8FC5 /* PBXTargetDependency */ = {
			isa = PBXTargetDependency;
			target = CE8C181B20073EF3002C8FC5 /* flix_path */;
			targetProxy = CE8C183120073EF3002C8FC5 /* PBXContainerItemProxy */;
		};
		CE8C183D20073EF3002C8FC5 /* PBXTargetDependency */ = {
			isa = PBXTargetDependency;
			target = CE8C181B20073EF3002C8FC5 /* flix_path */;
			targetProxy = CE8C183C20073EF3002C8FC5 /* PBXContainerItemProxy */;
		};
/* End PBXTargetDependency section */

/* Begin PBXVariantGroup section */
		CE8C182320073EF3002C8FC5 /* Main.storyboard */ = {
			isa = PBXVariantGroup;
			children = (
				CE8C182420073EF3002C8FC5 /* Base */,
			);
			name = Main.storyboard;
			sourceTree = "<group>";
		};
		CE8C182820073EF3002C8FC5 /* LaunchScreen.storyboard */ = {
			isa = PBXVariantGroup;
			children = (
				CE8C182920073EF3002C8FC5 /* Base */,
			);
			name = LaunchScreen.storyboard;
			sourceTree = "<group>";
		};
/* End PBXVariantGroup section */

/* Begin XCBuildConfiguration section */
		CE8C184220073EF3002C8FC5 /* Debug */ = {
			isa = XCBuildConfiguration;
			buildSettings = {
				ALWAYS_SEARCH_USER_PATHS = NO;
				CLANG_ANALYZER_NONNULL = YES;
				CLANG_ANALYZER_NUMBER_OBJECT_CONVERSION = YES_AGGRESSIVE;
				CLANG_CXX_LANGUAGE_STANDARD = "gnu++14";
				CLANG_CXX_LIBRARY = "libc++";
				CLANG_ENABLE_MODULES = YES;
				CLANG_ENABLE_OBJC_ARC = YES;
				CLANG_WARN_BLOCK_CAPTURE_AUTORELEASING = YES;
				CLANG_WARN_BOOL_CONVERSION = YES;
				CLANG_WARN_COMMA = YES;
				CLANG_WARN_CONSTANT_CONVERSION = YES;
				CLANG_WARN_DIRECT_OBJC_ISA_USAGE = YES_ERROR;
				CLANG_WARN_DOCUMENTATION_COMMENTS = YES;
				CLANG_WARN_EMPTY_BODY = YES;
				CLANG_WARN_ENUM_CONVERSION = YES;
				CLANG_WARN_INFINITE_RECURSION = YES;
				CLANG_WARN_INT_CONVERSION = YES;
				CLANG_WARN_NON_LITERAL_NULL_CONVERSION = YES;
				CLANG_WARN_OBJC_LITERAL_CONVERSION = YES;
				CLANG_WARN_OBJC_ROOT_CLASS = YES_ERROR;
				CLANG_WARN_RANGE_LOOP_ANALYSIS = YES;
				CLANG_WARN_STRICT_PROTOTYPES = YES;
				CLANG_WARN_SUSPICIOUS_MOVE = YES;
				CLANG_WARN_UNGUARDED_AVAILABILITY = YES_AGGRESSIVE;
				CLANG_WARN_UNREACHABLE_CODE = YES;
				CLANG_WARN__DUPLICATE_METHOD_MATCH = YES;
				CODE_SIGN_IDENTITY = "iPhone Developer";
				COPY_PHASE_STRIP = NO;
				DEBUG_INFORMATION_FORMAT = dwarf;
				ENABLE_STRICT_OBJC_MSGSEND = YES;
				ENABLE_TESTABILITY = YES;
				GCC_C_LANGUAGE_STANDARD = gnu11;
				GCC_DYNAMIC_NO_PIC = NO;
				GCC_NO_COMMON_BLOCKS = YES;
				GCC_OPTIMIZATION_LEVEL = 0;
				GCC_PREPROCESSOR_DEFINITIONS = (
					"DEBUG=1",
					"$(inherited)",
				);
				GCC_WARN_64_TO_32_BIT_CONVERSION = YES;
				GCC_WARN_ABOUT_RETURN_TYPE = YES_ERROR;
				GCC_WARN_UNDECLARED_SELECTOR = YES;
				GCC_WARN_UNINITIALIZED_AUTOS = YES_AGGRESSIVE;
				GCC_WARN_UNUSED_FUNCTION = YES;
				GCC_WARN_UNUSED_VARIABLE = YES;
				IPHONEOS_DEPLOYMENT_TARGET = 11.2;
				MTL_ENABLE_DEBUG_INFO = YES;
				ONLY_ACTIVE_ARCH = YES;
				SDKROOT = iphoneos;
				SWIFT_ACTIVE_COMPILATION_CONDITIONS = DEBUG;
				SWIFT_OPTIMIZATION_LEVEL = "-Onone";
			};
			name = Debug;
		};
		CE8C184320073EF3002C8FC5 /* Release */ = {
			isa = XCBuildConfiguration;
			buildSettings = {
				ALWAYS_SEARCH_USER_PATHS = NO;
				CLANG_ANALYZER_NONNULL = YES;
				CLANG_ANALYZER_NUMBER_OBJECT_CONVERSION = YES_AGGRESSIVE;
				CLANG_CXX_LANGUAGE_STANDARD = "gnu++14";
				CLANG_CXX_LIBRARY = "libc++";
				CLANG_ENABLE_MODULES = YES;
				CLANG_ENABLE_OBJC_ARC = YES;
				CLANG_WARN_BLOCK_CAPTURE_AUTORELEASING = YES;
				CLANG_WARN_BOOL_CONVERSION = YES;
				CLANG_WARN_COMMA = YES;
				CLANG_WARN_CONSTANT_CONVERSION = YES;
				CLANG_WARN_DIRECT_OBJC_ISA_USAGE = YES_ERROR;
				CLANG_WARN_DOCUMENTATION_COMMENTS = YES;
				CLANG_WARN_EMPTY_BODY = YES;
				CLANG_WARN_ENUM_CONVERSION = YES;
				CLANG_WARN_INFINITE_RECURSION = YES;
				CLANG_WARN_INT_CONVERSION = YES;
				CLANG_WARN_NON_LITERAL_NULL_CONVERSION = YES;
				CLANG_WARN_OBJC_LITERAL_CONVERSION = YES;
				CLANG_WARN_OBJC_ROOT_CLASS = YES_ERROR;
				CLANG_WARN_RANGE_LOOP_ANALYSIS = YES;
				CLANG_WARN_STRICT_PROTOTYPES = YES;
				CLANG_WARN_SUSPICIOUS_MOVE = YES;
				CLANG_WARN_UNGUARDED_AVAILABILITY = YES_AGGRESSIVE;
				CLANG_WARN_UNREACHABLE_CODE = YES;
				CLANG_WARN__DUPLICATE_METHOD_MATCH = YES;
				CODE_SIGN_IDENTITY = "iPhone Developer";
				COPY_PHASE_STRIP = NO;
				DEBUG_INFORMATION_FORMAT = "dwarf-with-dsym";
				ENABLE_NS_ASSERTIONS = NO;
				ENABLE_STRICT_OBJC_MSGSEND = YES;
				GCC_C_LANGUAGE_STANDARD = gnu11;
				GCC_NO_COMMON_BLOCKS = YES;
				GCC_WARN_64_TO_32_BIT_CONVERSION = YES;
				GCC_WARN_ABOUT_RETURN_TYPE = YES_ERROR;
				GCC_WARN_UNDECLARED_SELECTOR = YES;
				GCC_WARN_UNINITIALIZED_AUTOS = YES_AGGRESSIVE;
				GCC_WARN_UNUSED_FUNCTION = YES;
				GCC_WARN_UNUSED_VARIABLE = YES;
				IPHONEOS_DEPLOYMENT_TARGET = 11.2;
				MTL_ENABLE_DEBUG_INFO = NO;
				SDKROOT = iphoneos;
				SWIFT_OPTIMIZATION_LEVEL = "-Owholemodule";
				VALIDATE_PRODUCT = YES;
			};
			name = Release;
		};
		CE8C184520073EF3002C8FC5 /* Debug */ = {
			isa = XCBuildConfiguration;
			baseConfigurationReference = 4D36404EC35E021CE6CB1320 /* Pods-flix_path.debug.xcconfig */;
			buildSettings = {
				ASSETCATALOG_COMPILER_APPICON_NAME = AppIcon;
				CODE_SIGN_STYLE = Automatic;
				INFOPLIST_FILE = flix_path/Info.plist;
				LD_RUNPATH_SEARCH_PATHS = "$(inherited) @executable_path/Frameworks";
				PRODUCT_BUNDLE_IDENTIFIER = "com.codepath.flix-path";
				PRODUCT_NAME = "$(TARGET_NAME)";
				SWIFT_VERSION = 4.0;
				TARGETED_DEVICE_FAMILY = "1,2";
			};
			name = Debug;
		};
		CE8C184620073EF3002C8FC5 /* Release */ = {
			isa = XCBuildConfiguration;
			baseConfigurationReference = DA9469C21C0E96BB4488E51B /* Pods-flix_path.release.xcconfig */;
			buildSettings = {
				ASSETCATALOG_COMPILER_APPICON_NAME = AppIcon;
				CODE_SIGN_STYLE = Automatic;
				INFOPLIST_FILE = flix_path/Info.plist;
				LD_RUNPATH_SEARCH_PATHS = "$(inherited) @executable_path/Frameworks";
				PRODUCT_BUNDLE_IDENTIFIER = "com.codepath.flix-path";
				PRODUCT_NAME = "$(TARGET_NAME)";
				SWIFT_VERSION = 4.0;
				TARGETED_DEVICE_FAMILY = "1,2";
			};
			name = Release;
		};
		CE8C184820073EF3002C8FC5 /* Debug */ = {
			isa = XCBuildConfiguration;
			baseConfigurationReference = 933227C24AC198AA2957D34A /* Pods-flix_pathTests.debug.xcconfig */;
			buildSettings = {
				ALWAYS_EMBED_SWIFT_STANDARD_LIBRARIES = YES;
				BUNDLE_LOADER = "$(TEST_HOST)";
				CODE_SIGN_STYLE = Automatic;
				INFOPLIST_FILE = flix_pathTests/Info.plist;
				LD_RUNPATH_SEARCH_PATHS = "$(inherited) @executable_path/Frameworks @loader_path/Frameworks";
				PRODUCT_BUNDLE_IDENTIFIER = "com.codepath.flix-pathTests";
				PRODUCT_NAME = "$(TARGET_NAME)";
				SWIFT_VERSION = 4.0;
				TARGETED_DEVICE_FAMILY = "1,2";
				TEST_HOST = "$(BUILT_PRODUCTS_DIR)/flix_path.app/flix_path";
			};
			name = Debug;
		};
		CE8C184920073EF3002C8FC5 /* Release */ = {
			isa = XCBuildConfiguration;
			baseConfigurationReference = A45848FAA6C14CC80586388D /* Pods-flix_pathTests.release.xcconfig */;
			buildSettings = {
				ALWAYS_EMBED_SWIFT_STANDARD_LIBRARIES = YES;
				BUNDLE_LOADER = "$(TEST_HOST)";
				CODE_SIGN_STYLE = Automatic;
				INFOPLIST_FILE = flix_pathTests/Info.plist;
				LD_RUNPATH_SEARCH_PATHS = "$(inherited) @executable_path/Frameworks @loader_path/Frameworks";
				PRODUCT_BUNDLE_IDENTIFIER = "com.codepath.flix-pathTests";
				PRODUCT_NAME = "$(TARGET_NAME)";
				SWIFT_VERSION = 4.0;
				TARGETED_DEVICE_FAMILY = "1,2";
				TEST_HOST = "$(BUILT_PRODUCTS_DIR)/flix_path.app/flix_path";
			};
			name = Release;
		};
		CE8C184B20073EF3002C8FC5 /* Debug */ = {
			isa = XCBuildConfiguration;
			baseConfigurationReference = 2CE760524A186476A8DF87F8 /* Pods-flix_pathUITests.debug.xcconfig */;
			buildSettings = {
				ALWAYS_EMBED_SWIFT_STANDARD_LIBRARIES = YES;
				CODE_SIGN_STYLE = Automatic;
				INFOPLIST_FILE = flix_pathUITests/Info.plist;
				LD_RUNPATH_SEARCH_PATHS = "$(inherited) @executable_path/Frameworks @loader_path/Frameworks";
				PRODUCT_BUNDLE_IDENTIFIER = "com.codepath.flix-pathUITests";
				PRODUCT_NAME = "$(TARGET_NAME)";
				SWIFT_VERSION = 4.0;
				TARGETED_DEVICE_FAMILY = "1,2";
				TEST_TARGET_NAME = flix_path;
			};
			name = Debug;
		};
		CE8C184C20073EF3002C8FC5 /* Release */ = {
			isa = XCBuildConfiguration;
			baseConfigurationReference = 3C8CEE0D5DF3AFB3A0CE71AD /* Pods-flix_pathUITests.release.xcconfig */;
			buildSettings = {
				ALWAYS_EMBED_SWIFT_STANDARD_LIBRARIES = YES;
				CODE_SIGN_STYLE = Automatic;
				INFOPLIST_FILE = flix_pathUITests/Info.plist;
				LD_RUNPATH_SEARCH_PATHS = "$(inherited) @executable_path/Frameworks @loader_path/Frameworks";
				PRODUCT_BUNDLE_IDENTIFIER = "com.codepath.flix-pathUITests";
				PRODUCT_NAME = "$(TARGET_NAME)";
				SWIFT_VERSION = 4.0;
				TARGETED_DEVICE_FAMILY = "1,2";
				TEST_TARGET_NAME = flix_path;
			};
			name = Release;
		};
/* End XCBuildConfiguration section */

/* Begin XCConfigurationList section */
		CE8C181720073EF3002C8FC5 /* Build configuration list for PBXProject "flix_path" */ = {
			isa = XCConfigurationList;
			buildConfigurations = (
				CE8C184220073EF3002C8FC5 /* Debug */,
				CE8C184320073EF3002C8FC5 /* Release */,
			);
			defaultConfigurationIsVisible = 0;
			defaultConfigurationName = Release;
		};
		CE8C184420073EF3002C8FC5 /* Build configuration list for PBXNativeTarget "flix_path" */ = {
			isa = XCConfigurationList;
			buildConfigurations = (
				CE8C184520073EF3002C8FC5 /* Debug */,
				CE8C184620073EF3002C8FC5 /* Release */,
			);
			defaultConfigurationIsVisible = 0;
			defaultConfigurationName = Release;
		};
		CE8C184720073EF3002C8FC5 /* Build configuration list for PBXNativeTarget "flix_pathTests" */ = {
			isa = XCConfigurationList;
			buildConfigurations = (
				CE8C184820073EF3002C8FC5 /* Debug */,
				CE8C184920073EF3002C8FC5 /* Release */,
			);
			defaultConfigurationIsVisible = 0;
			defaultConfigurationName = Release;
		};
		CE8C184A20073EF3002C8FC5 /* Build configuration list for PBXNativeTarget "flix_pathUITests" */ = {
			isa = XCConfigurationList;
			buildConfigurations = (
				CE8C184B20073EF3002C8FC5 /* Debug */,
				CE8C184C20073EF3002C8FC5 /* Release */,
			);
			defaultConfigurationIsVisible = 0;
			defaultConfigurationName = Release;
		};
/* End XCConfigurationList section */
	};
	rootObject = CE8C181420073EF3002C8FC5 /* Project object */;
}
